// !$*UTF8*$!
{
	archiveVersion = 1;
	classes = {
	};
	objectVersion = 56;
	objects = {

/* Begin PBXBuildFile section */
		E650711029E99B9100953A40 /* BitcoinKursApp.swift in Sources */ = {isa = PBXBuildFile; fileRef = E650710F29E99B9100953A40 /* BitcoinKursApp.swift */; };
		E650711229E99B9100953A40 /* MainView.swift in Sources */ = {isa = PBXBuildFile; fileRef = E650711129E99B9100953A40 /* MainView.swift */; };
		E650711429E99B9200953A40 /* Assets.xcassets in Resources */ = {isa = PBXBuildFile; fileRef = E650711329E99B9200953A40 /* Assets.xcassets */; };
		E650711729E99B9200953A40 /* Preview Assets.xcassets in Resources */ = {isa = PBXBuildFile; fileRef = E650711629E99B9200953A40 /* Preview Assets.xcassets */; };
		E650712129E99B9200953A40 /* BitcoinKursTests.swift in Sources */ = {isa = PBXBuildFile; fileRef = E650712029E99B9200953A40 /* BitcoinKursTests.swift */; };
		E650712B29E99B9200953A40 /* BitcoinKursUITests.swift in Sources */ = {isa = PBXBuildFile; fileRef = E650712A29E99B9200953A40 /* BitcoinKursUITests.swift */; };
		E650712D29E99B9200953A40 /* BitcoinKursUITestsLaunchTests.swift in Sources */ = {isa = PBXBuildFile; fileRef = E650712C29E99B9200953A40 /* BitcoinKursUITestsLaunchTests.swift */; };
		E650713A29E99DA300953A40 /* CoinGeckoApiService.swift in Sources */ = {isa = PBXBuildFile; fileRef = E650713929E99DA300953A40 /* CoinGeckoApiService.swift */; };
		E650713C29E9A31200953A40 /* DefaultHTTPClient.swift in Sources */ = {isa = PBXBuildFile; fileRef = E650713B29E9A31200953A40 /* DefaultHTTPClient.swift */; };
		E650713E29E9A32400953A40 /* HTTPClient.swift in Sources */ = {isa = PBXBuildFile; fileRef = E650713D29E9A32400953A40 /* HTTPClient.swift */; };
		E650714029E9A33200953A40 /* CurrencyChangeEvent.swift in Sources */ = {isa = PBXBuildFile; fileRef = E650713F29E9A33200953A40 /* CurrencyChangeEvent.swift */; };
		E650714229E9A39B00953A40 /* ChangeEventTable.swift in Sources */ = {isa = PBXBuildFile; fileRef = E650714129E9A39B00953A40 /* ChangeEventTable.swift */; };
		E650714429E9A96B00953A40 /* MainViewViewModel.swift in Sources */ = {isa = PBXBuildFile; fileRef = E650714329E9A96B00953A40 /* MainViewViewModel.swift */; };
		E650714C29E9B8B500953A40 /* SettingsPage.swift in Sources */ = {isa = PBXBuildFile; fileRef = E650714B29E9B8B500953A40 /* SettingsPage.swift */; };
		E650714E29E9BBE200953A40 /* AppSettings.swift in Sources */ = {isa = PBXBuildFile; fileRef = E650714D29E9BBE200953A40 /* AppSettings.swift */; };
		E650715029E9C1F300953A40 /* Currency.swift in Sources */ = {isa = PBXBuildFile; fileRef = E650714F29E9C1F300953A40 /* Currency.swift */; };
		E650715629E9C49C00953A40 /* Model.xcdatamodeld in Sources */ = {isa = PBXBuildFile; fileRef = E650715429E9C49C00953A40 /* Model.xcdatamodeld */; };
		E650715829E9CA0600953A40 /* CurrencyChangeEventStorage.swift in Sources */ = {isa = PBXBuildFile; fileRef = E650715729E9CA0600953A40 /* CurrencyChangeEventStorage.swift */; };
		E650715C29E9D2C800953A40 /* CurrencyChangeEventBatch.swift in Sources */ = {isa = PBXBuildFile; fileRef = E650715B29E9D2C800953A40 /* CurrencyChangeEventBatch.swift */; };
/* End PBXBuildFile section */

/* Begin PBXContainerItemProxy section */
		E650711D29E99B9200953A40 /* PBXContainerItemProxy */ = {
			isa = PBXContainerItemProxy;
			containerPortal = E650710429E99B9100953A40 /* Project object */;
			proxyType = 1;
			remoteGlobalIDString = E650710B29E99B9100953A40;
			remoteInfo = BitcoinKurs;
		};
		E650712729E99B9200953A40 /* PBXContainerItemProxy */ = {
			isa = PBXContainerItemProxy;
			containerPortal = E650710429E99B9100953A40 /* Project object */;
			proxyType = 1;
			remoteGlobalIDString = E650710B29E99B9100953A40;
			remoteInfo = BitcoinKurs;
		};
/* End PBXContainerItemProxy section */

/* Begin PBXFileReference section */
		E650710C29E99B9100953A40 /* BitcoinKurs.app */ = {isa = PBXFileReference; explicitFileType = wrapper.application; includeInIndex = 0; path = BitcoinKurs.app; sourceTree = BUILT_PRODUCTS_DIR; };
		E650710F29E99B9100953A40 /* BitcoinKursApp.swift */ = {isa = PBXFileReference; lastKnownFileType = sourcecode.swift; path = BitcoinKursApp.swift; sourceTree = "<group>"; };
		E650711129E99B9100953A40 /* MainView.swift */ = {isa = PBXFileReference; lastKnownFileType = sourcecode.swift; path = MainView.swift; sourceTree = "<group>"; };
		E650711329E99B9200953A40 /* Assets.xcassets */ = {isa = PBXFileReference; lastKnownFileType = folder.assetcatalog; path = Assets.xcassets; sourceTree = "<group>"; };
		E650711629E99B9200953A40 /* Preview Assets.xcassets */ = {isa = PBXFileReference; lastKnownFileType = folder.assetcatalog; path = "Preview Assets.xcassets"; sourceTree = "<group>"; };
		E650711C29E99B9200953A40 /* BitcoinKursTests.xctest */ = {isa = PBXFileReference; explicitFileType = wrapper.cfbundle; includeInIndex = 0; path = BitcoinKursTests.xctest; sourceTree = BUILT_PRODUCTS_DIR; };
		E650712029E99B9200953A40 /* BitcoinKursTests.swift */ = {isa = PBXFileReference; lastKnownFileType = sourcecode.swift; path = BitcoinKursTests.swift; sourceTree = "<group>"; };
		E650712629E99B9200953A40 /* BitcoinKursUITests.xctest */ = {isa = PBXFileReference; explicitFileType = wrapper.cfbundle; includeInIndex = 0; path = BitcoinKursUITests.xctest; sourceTree = BUILT_PRODUCTS_DIR; };
		E650712A29E99B9200953A40 /* BitcoinKursUITests.swift */ = {isa = PBXFileReference; lastKnownFileType = sourcecode.swift; path = BitcoinKursUITests.swift; sourceTree = "<group>"; };
		E650712C29E99B9200953A40 /* BitcoinKursUITestsLaunchTests.swift */ = {isa = PBXFileReference; lastKnownFileType = sourcecode.swift; path = BitcoinKursUITestsLaunchTests.swift; sourceTree = "<group>"; };
		E650713929E99DA300953A40 /* CoinGeckoApiService.swift */ = {isa = PBXFileReference; lastKnownFileType = sourcecode.swift; path = CoinGeckoApiService.swift; sourceTree = "<group>"; };
		E650713B29E9A31200953A40 /* DefaultHTTPClient.swift */ = {isa = PBXFileReference; lastKnownFileType = sourcecode.swift; path = DefaultHTTPClient.swift; sourceTree = "<group>"; };
		E650713D29E9A32400953A40 /* HTTPClient.swift */ = {isa = PBXFileReference; lastKnownFileType = sourcecode.swift; path = HTTPClient.swift; sourceTree = "<group>"; };
		E650713F29E9A33200953A40 /* CurrencyChangeEvent.swift */ = {isa = PBXFileReference; lastKnownFileType = sourcecode.swift; path = CurrencyChangeEvent.swift; sourceTree = "<group>"; };
		E650714129E9A39B00953A40 /* ChangeEventTable.swift */ = {isa = PBXFileReference; lastKnownFileType = sourcecode.swift; path = ChangeEventTable.swift; sourceTree = "<group>"; };
		E650714329E9A96B00953A40 /* MainViewViewModel.swift */ = {isa = PBXFileReference; lastKnownFileType = sourcecode.swift; path = MainViewViewModel.swift; sourceTree = "<group>"; };
		E650714B29E9B8B500953A40 /* SettingsPage.swift */ = {isa = PBXFileReference; lastKnownFileType = sourcecode.swift; path = SettingsPage.swift; sourceTree = "<group>"; };
		E650714D29E9BBE200953A40 /* AppSettings.swift */ = {isa = PBXFileReference; lastKnownFileType = sourcecode.swift; path = AppSettings.swift; sourceTree = "<group>"; };
		E650714F29E9C1F300953A40 /* Currency.swift */ = {isa = PBXFileReference; lastKnownFileType = sourcecode.swift; path = Currency.swift; sourceTree = "<group>"; };
		E650715529E9C49C00953A40 /* Model.xcdatamodel */ = {isa = PBXFileReference; lastKnownFileType = wrapper.xcdatamodel; path = Model.xcdatamodel; sourceTree = "<group>"; };
		E650715729E9CA0600953A40 /* CurrencyChangeEventStorage.swift */ = {isa = PBXFileReference; lastKnownFileType = sourcecode.swift; path = CurrencyChangeEventStorage.swift; sourceTree = "<group>"; };
		E650715B29E9D2C800953A40 /* CurrencyChangeEventBatch.swift */ = {isa = PBXFileReference; lastKnownFileType = sourcecode.swift; path = CurrencyChangeEventBatch.swift; sourceTree = "<group>"; };
/* End PBXFileReference section */

/* Begin PBXFrameworksBuildPhase section */
		E650710929E99B9100953A40 /* Frameworks */ = {
			isa = PBXFrameworksBuildPhase;
			buildActionMask = 2147483647;
			files = (
			);
			runOnlyForDeploymentPostprocessing = 0;
		};
		E650711929E99B9200953A40 /* Frameworks */ = {
			isa = PBXFrameworksBuildPhase;
			buildActionMask = 2147483647;
			files = (
			);
			runOnlyForDeploymentPostprocessing = 0;
		};
		E650712329E99B9200953A40 /* Frameworks */ = {
			isa = PBXFrameworksBuildPhase;
			buildActionMask = 2147483647;
			files = (
			);
			runOnlyForDeploymentPostprocessing = 0;
		};
/* End PBXFrameworksBuildPhase section */

/* Begin PBXGroup section */
		E650710329E99B9100953A40 = {
			isa = PBXGroup;
			children = (
				E650710E29E99B9100953A40 /* BitcoinKurs */,
				E650711F29E99B9200953A40 /* BitcoinKursTests */,
				E650712929E99B9200953A40 /* BitcoinKursUITests */,
				E650710D29E99B9100953A40 /* Products */,
			);
			sourceTree = "<group>";
		};
		E650710D29E99B9100953A40 /* Products */ = {
			isa = PBXGroup;
			children = (
				E650710C29E99B9100953A40 /* BitcoinKurs.app */,
				E650711C29E99B9200953A40 /* BitcoinKursTests.xctest */,
				E650712629E99B9200953A40 /* BitcoinKursUITests.xctest */,
			);
			name = Products;
			sourceTree = "<group>";
		};
		E650710E29E99B9100953A40 /* BitcoinKurs */ = {
			isa = PBXGroup;
			children = (
				E650710F29E99B9100953A40 /* BitcoinKursApp.swift */,
				E650711129E99B9100953A40 /* MainView.swift */,
				E650711329E99B9200953A40 /* Assets.xcassets */,
				E650711529E99B9200953A40 /* Preview Content */,
				E650713929E99DA300953A40 /* CoinGeckoApiService.swift */,
				E650713B29E9A31200953A40 /* DefaultHTTPClient.swift */,
				E650713D29E9A32400953A40 /* HTTPClient.swift */,
				E650713F29E9A33200953A40 /* CurrencyChangeEvent.swift */,
				E650714129E9A39B00953A40 /* ChangeEventTable.swift */,
				E650714329E9A96B00953A40 /* MainViewViewModel.swift */,
				E650714B29E9B8B500953A40 /* SettingsPage.swift */,
				E650714D29E9BBE200953A40 /* AppSettings.swift */,
				E650714F29E9C1F300953A40 /* Currency.swift */,
				E650715429E9C49C00953A40 /* Model.xcdatamodeld */,
				E650715729E9CA0600953A40 /* CurrencyChangeEventStorage.swift */,
				E650715B29E9D2C800953A40 /* CurrencyChangeEventBatch.swift */,
			);
			path = BitcoinKurs;
			sourceTree = "<group>";
		};
		E650711529E99B9200953A40 /* Preview Content */ = {
			isa = PBXGroup;
			children = (
				E650711629E99B9200953A40 /* Preview Assets.xcassets */,
			);
			path = "Preview Content";
			sourceTree = "<group>";
		};
		E650711F29E99B9200953A40 /* BitcoinKursTests */ = {
			isa = PBXGroup;
			children = (
				E650712029E99B9200953A40 /* BitcoinKursTests.swift */,
			);
			path = BitcoinKursTests;
			sourceTree = "<group>";
		};
		E650712929E99B9200953A40 /* BitcoinKursUITests */ = {
			isa = PBXGroup;
			children = (
				E650712A29E99B9200953A40 /* BitcoinKursUITests.swift */,
				E650712C29E99B9200953A40 /* BitcoinKursUITestsLaunchTests.swift */,
			);
			path = BitcoinKursUITests;
			sourceTree = "<group>";
		};
/* End PBXGroup section */

/* Begin PBXNativeTarget section */
		E650710B29E99B9100953A40 /* BitcoinKurs */ = {
			isa = PBXNativeTarget;
			buildConfigurationList = E650713029E99B9200953A40 /* Build configuration list for PBXNativeTarget "BitcoinKurs" */;
			buildPhases = (
				E650710829E99B9100953A40 /* Sources */,
				E650710929E99B9100953A40 /* Frameworks */,
				E650710A29E99B9100953A40 /* Resources */,
			);
			buildRules = (
			);
			dependencies = (
			);
			name = BitcoinKurs;
			productName = BitcoinKurs;
			productReference = E650710C29E99B9100953A40 /* BitcoinKurs.app */;
			productType = "com.apple.product-type.application";
		};
		E650711B29E99B9200953A40 /* BitcoinKursTests */ = {
			isa = PBXNativeTarget;
			buildConfigurationList = E650713329E99B9200953A40 /* Build configuration list for PBXNativeTarget "BitcoinKursTests" */;
			buildPhases = (
				E650711829E99B9200953A40 /* Sources */,
				E650711929E99B9200953A40 /* Frameworks */,
				E650711A29E99B9200953A40 /* Resources */,
			);
			buildRules = (
			);
			dependencies = (
				E650711E29E99B9200953A40 /* PBXTargetDependency */,
			);
			name = BitcoinKursTests;
			productName = BitcoinKursTests;
			productReference = E650711C29E99B9200953A40 /* BitcoinKursTests.xctest */;
			productType = "com.apple.product-type.bundle.unit-test";
		};
		E650712529E99B9200953A40 /* BitcoinKursUITests */ = {
			isa = PBXNativeTarget;
			buildConfigurationList = E650713629E99B9200953A40 /* Build configuration list for PBXNativeTarget "BitcoinKursUITests" */;
			buildPhases = (
				E650712229E99B9200953A40 /* Sources */,
				E650712329E99B9200953A40 /* Frameworks */,
				E650712429E99B9200953A40 /* Resources */,
			);
			buildRules = (
			);
			dependencies = (
				E650712829E99B9200953A40 /* PBXTargetDependency */,
			);
			name = BitcoinKursUITests;
			productName = BitcoinKursUITests;
			productReference = E650712629E99B9200953A40 /* BitcoinKursUITests.xctest */;
			productType = "com.apple.product-type.bundle.ui-testing";
		};
/* End PBXNativeTarget section */

/* Begin PBXProject section */
		E650710429E99B9100953A40 /* Project object */ = {
			isa = PBXProject;
			attributes = {
				BuildIndependentTargetsInParallel = 1;
				LastSwiftUpdateCheck = 1420;
				LastUpgradeCheck = 1420;
				TargetAttributes = {
					E650710B29E99B9100953A40 = {
						CreatedOnToolsVersion = 14.2;
					};
					E650711B29E99B9200953A40 = {
						CreatedOnToolsVersion = 14.2;
						TestTargetID = E650710B29E99B9100953A40;
					};
					E650712529E99B9200953A40 = {
						CreatedOnToolsVersion = 14.2;
						TestTargetID = E650710B29E99B9100953A40;
					};
				};
			};
			buildConfigurationList = E650710729E99B9100953A40 /* Build configuration list for PBXProject "BitcoinKurs" */;
			compatibilityVersion = "Xcode 14.0";
			developmentRegion = en;
			hasScannedForEncodings = 0;
			knownRegions = (
				en,
				Base,
			);
			mainGroup = E650710329E99B9100953A40;
			productRefGroup = E650710D29E99B9100953A40 /* Products */;
			projectDirPath = "";
			projectRoot = "";
			targets = (
				E650710B29E99B9100953A40 /* BitcoinKurs */,
				E650711B29E99B9200953A40 /* BitcoinKursTests */,
				E650712529E99B9200953A40 /* BitcoinKursUITests */,
			);
		};
/* End PBXProject section */

/* Begin PBXResourcesBuildPhase section */
		E650710A29E99B9100953A40 /* Resources */ = {
			isa = PBXResourcesBuildPhase;
			buildActionMask = 2147483647;
			files = (
				E650711729E99B9200953A40 /* Preview Assets.xcassets in Resources */,
				E650711429E99B9200953A40 /* Assets.xcassets in Resources */,
			);
			runOnlyForDeploymentPostprocessing = 0;
		};
		E650711A29E99B9200953A40 /* Resources */ = {
			isa = PBXResourcesBuildPhase;
			buildActionMask = 2147483647;
			files = (
			);
			runOnlyForDeploymentPostprocessing = 0;
		};
		E650712429E99B9200953A40 /* Resources */ = {
			isa = PBXResourcesBuildPhase;
			buildActionMask = 2147483647;
			files = (
			);
			runOnlyForDeploymentPostprocessing = 0;
		};
/* End PBXResourcesBuildPhase section */

/* Begin PBXSourcesBuildPhase section */
		E650710829E99B9100953A40 /* Sources */ = {
			isa = PBXSourcesBuildPhase;
			buildActionMask = 2147483647;
			files = (
				E650714C29E9B8B500953A40 /* SettingsPage.swift in Sources */,
				E650713A29E99DA300953A40 /* CoinGeckoApiService.swift in Sources */,
				E650715C29E9D2C800953A40 /* CurrencyChangeEventBatch.swift in Sources */,
				E650713E29E9A32400953A40 /* HTTPClient.swift in Sources */,
				E650711229E99B9100953A40 /* MainView.swift in Sources */,
				E650714029E9A33200953A40 /* CurrencyChangeEvent.swift in Sources */,
				E650714229E9A39B00953A40 /* ChangeEventTable.swift in Sources */,
				E650715029E9C1F300953A40 /* Currency.swift in Sources */,
				E650713C29E9A31200953A40 /* DefaultHTTPClient.swift in Sources */,
				E650714429E9A96B00953A40 /* MainViewViewModel.swift in Sources */,
				E650714E29E9BBE200953A40 /* AppSettings.swift in Sources */,
				E650715829E9CA0600953A40 /* CurrencyChangeEventStorage.swift in Sources */,
				E650711029E99B9100953A40 /* BitcoinKursApp.swift in Sources */,
				E650715629E9C49C00953A40 /* Model.xcdatamodeld in Sources */,
			);
			runOnlyForDeploymentPostprocessing = 0;
		};
		E650711829E99B9200953A40 /* Sources */ = {
			isa = PBXSourcesBuildPhase;
			buildActionMask = 2147483647;
			files = (
				E650712129E99B9200953A40 /* BitcoinKursTests.swift in Sources */,
			);
			runOnlyForDeploymentPostprocessing = 0;
		};
		E650712229E99B9200953A40 /* Sources */ = {
			isa = PBXSourcesBuildPhase;
			buildActionMask = 2147483647;
			files = (
				E650712D29E99B9200953A40 /* BitcoinKursUITestsLaunchTests.swift in Sources */,
				E650712B29E99B9200953A40 /* BitcoinKursUITests.swift in Sources */,
			);
			runOnlyForDeploymentPostprocessing = 0;
		};
/* End PBXSourcesBuildPhase section */

/* Begin PBXTargetDependency section */
		E650711E29E99B9200953A40 /* PBXTargetDependency */ = {
			isa = PBXTargetDependency;
			target = E650710B29E99B9100953A40 /* BitcoinKurs */;
			targetProxy = E650711D29E99B9200953A40 /* PBXContainerItemProxy */;
		};
		E650712829E99B9200953A40 /* PBXTargetDependency */ = {
			isa = PBXTargetDependency;
			target = E650710B29E99B9100953A40 /* BitcoinKurs */;
			targetProxy = E650712729E99B9200953A40 /* PBXContainerItemProxy */;
		};
/* End PBXTargetDependency section */

/* Begin XCBuildConfiguration section */
		E650712E29E99B9200953A40 /* Debug */ = {
			isa = XCBuildConfiguration;
			buildSettings = {
				ALWAYS_SEARCH_USER_PATHS = NO;
				CLANG_ANALYZER_NONNULL = YES;
				CLANG_ANALYZER_NUMBER_OBJECT_CONVERSION = YES_AGGRESSIVE;
				CLANG_CXX_LANGUAGE_STANDARD = "gnu++20";
				CLANG_ENABLE_MODULES = YES;
				CLANG_ENABLE_OBJC_ARC = YES;
				CLANG_ENABLE_OBJC_WEAK = YES;
				CLANG_WARN_BLOCK_CAPTURE_AUTORELEASING = YES;
				CLANG_WARN_BOOL_CONVERSION = YES;
				CLANG_WARN_COMMA = YES;
				CLANG_WARN_CONSTANT_CONVERSION = YES;
				CLANG_WARN_DEPRECATED_OBJC_IMPLEMENTATIONS = YES;
				CLANG_WARN_DIRECT_OBJC_ISA_USAGE = YES_ERROR;
				CLANG_WARN_DOCUMENTATION_COMMENTS = YES;
				CLANG_WARN_EMPTY_BODY = YES;
				CLANG_WARN_ENUM_CONVERSION = YES;
				CLANG_WARN_INFINITE_RECURSION = YES;
				CLANG_WARN_INT_CONVERSION = YES;
				CLANG_WARN_NON_LITERAL_NULL_CONVERSION = YES;
				CLANG_WARN_OBJC_IMPLICIT_RETAIN_SELF = YES;
				CLANG_WARN_OBJC_LITERAL_CONVERSION = YES;
				CLANG_WARN_OBJC_ROOT_CLASS = YES_ERROR;
				CLANG_WARN_QUOTED_INCLUDE_IN_FRAMEWORK_HEADER = YES;
				CLANG_WARN_RANGE_LOOP_ANALYSIS = YES;
				CLANG_WARN_STRICT_PROTOTYPES = YES;
				CLANG_WARN_SUSPICIOUS_MOVE = YES;
				CLANG_WARN_UNGUARDED_AVAILABILITY = YES_AGGRESSIVE;
				CLANG_WARN_UNREACHABLE_CODE = YES;
				CLANG_WARN__DUPLICATE_METHOD_MATCH = YES;
				COPY_PHASE_STRIP = NO;
				DEBUG_INFORMATION_FORMAT = dwarf;
				ENABLE_STRICT_OBJC_MSGSEND = YES;
				ENABLE_TESTABILITY = YES;
				GCC_C_LANGUAGE_STANDARD = gnu11;
				GCC_DYNAMIC_NO_PIC = NO;
				GCC_NO_COMMON_BLOCKS = YES;
				GCC_OPTIMIZATION_LEVEL = 0;
				GCC_PREPROCESSOR_DEFINITIONS = (
					"DEBUG=1",
					"$(inherited)",
				);
				GCC_WARN_64_TO_32_BIT_CONVERSION = YES;
				GCC_WARN_ABOUT_RETURN_TYPE = YES_ERROR;
				GCC_WARN_UNDECLARED_SELECTOR = YES;
				GCC_WARN_UNINITIALIZED_AUTOS = YES_AGGRESSIVE;
				GCC_WARN_UNUSED_FUNCTION = YES;
				GCC_WARN_UNUSED_VARIABLE = YES;
				IPHONEOS_DEPLOYMENT_TARGET = 16.2;
				MTL_ENABLE_DEBUG_INFO = INCLUDE_SOURCE;
				MTL_FAST_MATH = YES;
				ONLY_ACTIVE_ARCH = YES;
				SDKROOT = iphoneos;
				SWIFT_ACTIVE_COMPILATION_CONDITIONS = DEBUG;
				SWIFT_OPTIMIZATION_LEVEL = "-Onone";
			};
			name = Debug;
		};
		E650712F29E99B9200953A40 /* Release */ = {
			isa = XCBuildConfiguration;
			buildSettings = {
				ALWAYS_SEARCH_USER_PATHS = NO;
				CLANG_ANALYZER_NONNULL = YES;
				CLANG_ANALYZER_NUMBER_OBJECT_CONVERSION = YES_AGGRESSIVE;
				CLANG_CXX_LANGUAGE_STANDARD = "gnu++20";
				CLANG_ENABLE_MODULES = YES;
				CLANG_ENABLE_OBJC_ARC = YES;
				CLANG_ENABLE_OBJC_WEAK = YES;
				CLANG_WARN_BLOCK_CAPTURE_AUTORELEASING = YES;
				CLANG_WARN_BOOL_CONVERSION = YES;
				CLANG_WARN_COMMA = YES;
				CLANG_WARN_CONSTANT_CONVERSION = YES;
				CLANG_WARN_DEPRECATED_OBJC_IMPLEMENTATIONS = YES;
				CLANG_WARN_DIRECT_OBJC_ISA_USAGE = YES_ERROR;
				CLANG_WARN_DOCUMENTATION_COMMENTS = YES;
				CLANG_WARN_EMPTY_BODY = YES;
				CLANG_WARN_ENUM_CONVERSION = YES;
				CLANG_WARN_INFINITE_RECURSION = YES;
				CLANG_WARN_INT_CONVERSION = YES;
				CLANG_WARN_NON_LITERAL_NULL_CONVERSION = YES;
				CLANG_WARN_OBJC_IMPLICIT_RETAIN_SELF = YES;
				CLANG_WARN_OBJC_LITERAL_CONVERSION = YES;
				CLANG_WARN_OBJC_ROOT_CLASS = YES_ERROR;
				CLANG_WARN_QUOTED_INCLUDE_IN_FRAMEWORK_HEADER = YES;
				CLANG_WARN_RANGE_LOOP_ANALYSIS = YES;
				CLANG_WARN_STRICT_PROTOTYPES = YES;
				CLANG_WARN_SUSPICIOUS_MOVE = YES;
				CLANG_WARN_UNGUARDED_AVAILABILITY = YES_AGGRESSIVE;
				CLANG_WARN_UNREACHABLE_CODE = YES;
				CLANG_WARN__DUPLICATE_METHOD_MATCH = YES;
				COPY_PHASE_STRIP = NO;
				DEBUG_INFORMATION_FORMAT = "dwarf-with-dsym";
				ENABLE_NS_ASSERTIONS = NO;
				ENABLE_STRICT_OBJC_MSGSEND = YES;
				GCC_C_LANGUAGE_STANDARD = gnu11;
				GCC_NO_COMMON_BLOCKS = YES;
				GCC_WARN_64_TO_32_BIT_CONVERSION = YES;
				GCC_WARN_ABOUT_RETURN_TYPE = YES_ERROR;
				GCC_WARN_UNDECLARED_SELECTOR = YES;
				GCC_WARN_UNINITIALIZED_AUTOS = YES_AGGRESSIVE;
				GCC_WARN_UNUSED_FUNCTION = YES;
				GCC_WARN_UNUSED_VARIABLE = YES;
				IPHONEOS_DEPLOYMENT_TARGET = 16.2;
				MTL_ENABLE_DEBUG_INFO = NO;
				MTL_FAST_MATH = YES;
				SDKROOT = iphoneos;
				SWIFT_COMPILATION_MODE = wholemodule;
				SWIFT_OPTIMIZATION_LEVEL = "-O";
				VALIDATE_PRODUCT = YES;
			};
			name = Release;
		};
		E650713129E99B9200953A40 /* Debug */ = {
			isa = XCBuildConfiguration;
			buildSettings = {
				ASSETCATALOG_COMPILER_APPICON_NAME = AppIcon;
				ASSETCATALOG_COMPILER_GLOBAL_ACCENT_COLOR_NAME = AccentColor;
				CODE_SIGN_STYLE = Automatic;
				CURRENT_PROJECT_VERSION = 1;
				DEVELOPMENT_ASSET_PATHS = "\"BitcoinKurs/Preview Content\"";
				DEVELOPMENT_TEAM = SNVVDQLNZ6;
				ENABLE_PREVIEWS = YES;
				GENERATE_INFOPLIST_FILE = YES;
				INFOPLIST_KEY_UIApplicationSceneManifest_Generation = YES;
				INFOPLIST_KEY_UIApplicationSupportsIndirectInputEvents = YES;
				INFOPLIST_KEY_UILaunchScreen_Generation = YES;
				INFOPLIST_KEY_UISupportedInterfaceOrientations_iPad = "UIInterfaceOrientationPortrait UIInterfaceOrientationPortraitUpsideDown UIInterfaceOrientationLandscapeLeft UIInterfaceOrientationLandscapeRight";
				INFOPLIST_KEY_UISupportedInterfaceOrientations_iPhone = "UIInterfaceOrientationPortrait UIInterfaceOrientationLandscapeLeft UIInterfaceOrientationLandscapeRight";
				LD_RUNPATH_SEARCH_PATHS = (
					"$(inherited)",
					"@executable_path/Frameworks",
				);
				MARKETING_VERSION = 1.0;
				PRODUCT_BUNDLE_IDENTIFIER = "de.tom-reinhardt.BitcoinKurs";
				PRODUCT_NAME = "$(TARGET_NAME)";
				SWIFT_EMIT_LOC_STRINGS = YES;
				SWIFT_VERSION = 5.0;
				TARGETED_DEVICE_FAMILY = "1,2";
			};
			name = Debug;
		};
		E650713229E99B9200953A40 /* Release */ = {
			isa = XCBuildConfiguration;
			buildSettings = {
				ASSETCATALOG_COMPILER_APPICON_NAME = AppIcon;
				ASSETCATALOG_COMPILER_GLOBAL_ACCENT_COLOR_NAME = AccentColor;
				CODE_SIGN_STYLE = Automatic;
				CURRENT_PROJECT_VERSION = 1;
				DEVELOPMENT_ASSET_PATHS = "\"BitcoinKurs/Preview Content\"";
				DEVELOPMENT_TEAM = SNVVDQLNZ6;
				ENABLE_PREVIEWS = YES;
				GENERATE_INFOPLIST_FILE = YES;
				INFOPLIST_KEY_UIApplicationSceneManifest_Generation = YES;
				INFOPLIST_KEY_UIApplicationSupportsIndirectInputEvents = YES;
				INFOPLIST_KEY_UILaunchScreen_Generation = YES;
				INFOPLIST_KEY_UISupportedInterfaceOrientations_iPad = "UIInterfaceOrientationPortrait UIInterfaceOrientationPortraitUpsideDown UIInterfaceOrientationLandscapeLeft UIInterfaceOrientationLandscapeRight";
				INFOPLIST_KEY_UISupportedInterfaceOrientations_iPhone = "UIInterfaceOrientationPortrait UIInterfaceOrientationLandscapeLeft UIInterfaceOrientationLandscapeRight";
				LD_RUNPATH_SEARCH_PATHS = (
					"$(inherited)",
					"@executable_path/Frameworks",
				);
				MARKETING_VERSION = 1.0;
				PRODUCT_BUNDLE_IDENTIFIER = "de.tom-reinhardt.BitcoinKurs";
				PRODUCT_NAME = "$(TARGET_NAME)";
				SWIFT_EMIT_LOC_STRINGS = YES;
				SWIFT_VERSION = 5.0;
				TARGETED_DEVICE_FAMILY = "1,2";
			};
			name = Release;
		};
		E650713429E99B9200953A40 /* Debug */ = {
			isa = XCBuildConfiguration;
			buildSettings = {
				ALWAYS_EMBED_SWIFT_STANDARD_LIBRARIES = YES;
				BUNDLE_LOADER = "$(TEST_HOST)";
				CODE_SIGN_STYLE = Automatic;
				CURRENT_PROJECT_VERSION = 1;
				DEVELOPMENT_TEAM = SNVVDQLNZ6;
				GENERATE_INFOPLIST_FILE = YES;
				IPHONEOS_DEPLOYMENT_TARGET = 16.2;
				MARKETING_VERSION = 1.0;
				PRODUCT_BUNDLE_IDENTIFIER = "de.tom-reinhardt.BitcoinKursTests";
				PRODUCT_NAME = "$(TARGET_NAME)";
				SWIFT_EMIT_LOC_STRINGS = NO;
				SWIFT_VERSION = 5.0;
				TARGETED_DEVICE_FAMILY = "1,2";
				TEST_HOST = "$(BUILT_PRODUCTS_DIR)/BitcoinKurs.app/$(BUNDLE_EXECUTABLE_FOLDER_PATH)/BitcoinKurs";
			};
			name = Debug;
		};
		E650713529E99B9200953A40 /* Release */ = {
			isa = XCBuildConfiguration;
			buildSettings = {
				ALWAYS_EMBED_SWIFT_STANDARD_LIBRARIES = YES;
				BUNDLE_LOADER = "$(TEST_HOST)";
				CODE_SIGN_STYLE = Automatic;
				CURRENT_PROJECT_VERSION = 1;
				DEVELOPMENT_TEAM = SNVVDQLNZ6;
				GENERATE_INFOPLIST_FILE = YES;
				IPHONEOS_DEPLOYMENT_TARGET = 16.2;
				MARKETING_VERSION = 1.0;
				PRODUCT_BUNDLE_IDENTIFIER = "de.tom-reinhardt.BitcoinKursTests";
				PRODUCT_NAME = "$(TARGET_NAME)";
				SWIFT_EMIT_LOC_STRINGS = NO;
				SWIFT_VERSION = 5.0;
				TARGETED_DEVICE_FAMILY = "1,2";
				TEST_HOST = "$(BUILT_PRODUCTS_DIR)/BitcoinKurs.app/$(BUNDLE_EXECUTABLE_FOLDER_PATH)/BitcoinKurs";
			};
			name = Release;
		};
		E650713729E99B9200953A40 /* Debug */ = {
			isa = XCBuildConfiguration;
			buildSettings = {
				ALWAYS_EMBED_SWIFT_STANDARD_LIBRARIES = YES;
				CODE_SIGN_STYLE = Automatic;
				CURRENT_PROJECT_VERSION = 1;
				DEVELOPMENT_TEAM = SNVVDQLNZ6;
				GENERATE_INFOPLIST_FILE = YES;
				MARKETING_VERSION = 1.0;
				PRODUCT_BUNDLE_IDENTIFIER = "de.tom-reinhardt.BitcoinKursUITests";
				PRODUCT_NAME = "$(TARGET_NAME)";
				SWIFT_EMIT_LOC_STRINGS = NO;
				SWIFT_VERSION = 5.0;
				TARGETED_DEVICE_FAMILY = "1,2";
				TEST_TARGET_NAME = BitcoinKurs;
			};
			name = Debug;
		};
		E650713829E99B9200953A40 /* Release */ = {
			isa = XCBuildConfiguration;
			buildSettings = {
				ALWAYS_EMBED_SWIFT_STANDARD_LIBRARIES = YES;
				CODE_SIGN_STYLE = Automatic;
				CURRENT_PROJECT_VERSION = 1;
				DEVELOPMENT_TEAM = SNVVDQLNZ6;
				GENERATE_INFOPLIST_FILE = YES;
				MARKETING_VERSION = 1.0;
				PRODUCT_BUNDLE_IDENTIFIER = "de.tom-reinhardt.BitcoinKursUITests";
				PRODUCT_NAME = "$(TARGET_NAME)";
				SWIFT_EMIT_LOC_STRINGS = NO;
				SWIFT_VERSION = 5.0;
				TARGETED_DEVICE_FAMILY = "1,2";
				TEST_TARGET_NAME = BitcoinKurs;
			};
			name = Release;
		};
/* End XCBuildConfiguration section */

/* Begin XCConfigurationList section */
		E650710729E99B9100953A40 /* Build configuration list for PBXProject "BitcoinKurs" */ = {
			isa = XCConfigurationList;
			buildConfigurations = (
				E650712E29E99B9200953A40 /* Debug */,
				E650712F29E99B9200953A40 /* Release */,
			);
			defaultConfigurationIsVisible = 0;
			defaultConfigurationName = Release;
		};
		E650713029E99B9200953A40 /* Build configuration list for PBXNativeTarget "BitcoinKurs" */ = {
			isa = XCConfigurationList;
			buildConfigurations = (
				E650713129E99B9200953A40 /* Debug */,
				E650713229E99B9200953A40 /* Release */,
			);
			defaultConfigurationIsVisible = 0;
			defaultConfigurationName = Release;
		};
		E650713329E99B9200953A40 /* Build configuration list for PBXNativeTarget "BitcoinKursTests" */ = {
			isa = XCConfigurationList;
			buildConfigurations = (
				E650713429E99B9200953A40 /* Debug */,
				E650713529E99B9200953A40 /* Release */,
			);
			defaultConfigurationIsVisible = 0;
			defaultConfigurationName = Release;
		};
		E650713629E99B9200953A40 /* Build configuration list for PBXNativeTarget "BitcoinKursUITests" */ = {
			isa = XCConfigurationList;
			buildConfigurations = (
				E650713729E99B9200953A40 /* Debug */,
				E650713829E99B9200953A40 /* Release */,
			);
			defaultConfigurationIsVisible = 0;
			defaultConfigurationName = Release;
		};
/* End XCConfigurationList section */

/* Begin XCVersionGroup section */
		E650715429E9C49C00953A40 /* Model.xcdatamodeld */ = {
			isa = XCVersionGroup;
			children = (
				E650715529E9C49C00953A40 /* Model.xcdatamodel */,
			);
			currentVersion = E650715529E9C49C00953A40 /* Model.xcdatamodel */;
			path = Model.xcdatamodeld;
			sourceTree = "<group>";
			versionGroupType = wrapper.xcdatamodel;
		};
/* End XCVersionGroup section */
	};
	rootObject = E650710429E99B9100953A40 /* Project object */;
}
